<Solution>
  <Project Path="src/Rowles.Morphogenesis/Rowles.Morphogenesis.csproj" />
  <Project Path="src/Rowles.Morphogenesis.Reference/Rowles.Morphogenesis.Reference.csproj" />
  <Project Path="src/Rowles.Evolution/Rowles.Evolution.csproj" />
  <Project Path="src/Rowles.Morphogenesis.Evolution/Rowles.Morphogenesis.Evolution.csproj" />
  <Project Path="src/Rowles.StrictMaths/Rowles.StrictMaths.csproj" />
  <Project Path="tests/Rowles.Morphogenesis.Tests/Rowles.Morphogenesis.Tests.csproj" />
  <Project Path="tests/Rowles.Morphogenesis.Reference.Tests/Rowles.Morphogenesis.Reference.Tests.csproj" />
  <Project Path="tests/Rowles.Evolution.Tests/Rowles.Evolution.Tests.csproj" />
  <Project Path="tests/Rowles.StrictMaths.Tests/Rowles.StrictMaths.Tests.csproj" />
  <Project Path="tools/Rowles.Morphogenesis.Experiments/Rowles.Morphogenesis.Experiments.csproj" />
  <Project Path="tools/Rowles.Morphogenesis.Server/Rowles.Morphogenesis.Server.csproj" />
  <Project Path="tests/Rowles.Morphogenesis.Server.Tests/Rowles.Morphogenesis.Server.Tests.csproj" />
  <Folder Name="/benchmarks/">
    <Project Path="benchmarks/Rowles.Morphogenesis.RuntimeProbe/Rowles.Morphogenesis.RuntimeProbe.csproj" />
  </Folder>
  <Folder Name="/src/" />
  <Project Path="benchmarks/Rowles.Evolution.Benchmarks/Rowles.Evolution.Benchmarks.csproj" />
  <Project Path="benchmarks/Rowles.Morphogenesis.Benchmarks/Rowles.Morphogenesis.Benchmarks.csproj" />
</Solution>
